
Microsoft Visual Studio Solution File, Format Version 12.00
# Visual Studio Version 17
VisualStudioVersion = 17.4.33122.133
MinimumVisualStudioVersion = 10.0.40219.1
Project("{FAE04EC0-301F-11D3-BF4B-00C04F79EFBC}") = "Zadanie 2", "Zadanie 2\Zadanie 2.csproj", "{03CF64FE-98EB-43C4-A52F-66B70E93ABBC}"
EndProject
Global
	GlobalSection(SolutionConfigurationPlatforms) = preSolution
		Debug|Any CPU = Debug|Any CPU
		Release|Any CPU = Release|Any CPU
	EndGlobalSection
	GlobalSection(ProjectConfigurationPlatforms) = postSolution
		{03CF64FE-98EB-43C4-A52F-66B70E93ABBC}.Debug|Any CPU.ActiveCfg = Debug|Any CPU
		{03CF64FE-98EB-43C4-A52F-66B70E93ABBC}.Debug|Any CPU.Build.0 = Debug|Any CPU
		{03CF64FE-98EB-43C4-A52F-66B70E93ABBC}.Release|Any CPU.ActiveCfg = Release|Any CPU
		{03CF64FE-98EB-43C4-A52F-66B70E93ABBC}.Release|Any CPU.Build.0 = Release|Any CPU
	EndGlobalSection
	GlobalSection(SolutionProperties) = preSolution
		HideSolutionNode = FALSE
	EndGlobalSection
	GlobalSection(ExtensibilityGlobals) = postSolution
		SolutionGuid = {CFF795E8-0E37-4C4A-8E47-C9E40E720CB9}
	EndGlobalSection
EndGlobal
